
Microsoft Visual Studio Solution File, Format Version 12.00
# Visual Studio Version 17
VisualStudioVersion = 17.14.37012.4 d17.14
MinimumVisualStudioVersion = 10.0.40219.1
Project("{FAE04EC0-301F-11D3-BF4B-00C04F79EFBC}") = "CS077.ContractVerification", "CS077.ContractVerification.csproj", "{7A29DB09-BB9F-51EE-AADA-519F5C067561}"
EndProject
Global
	GlobalSection(SolutionConfigurationPlatforms) = preSolution
		Debug|Any CPU = Debug|Any CPU
		Release|Any CPU = Release|Any CPU
	EndGlobalSection
	GlobalSection(ProjectConfigurationPlatforms) = postSolution
		{7A29DB09-BB9F-51EE-AADA-519F5C067561}.Debug|Any CPU.ActiveCfg = Debug|Any CPU
		{7A29DB09-BB9F-51EE-AADA-519F5C067561}.Debug|Any CPU.Build.0 = Debug|Any CPU
		{7A29DB09-BB9F-51EE-AADA-519F5C067561}.Release|Any CPU.ActiveCfg = Release|Any CPU
		{7A29DB09-BB9F-51EE-AADA-519F5C067561}.Release|Any CPU.Build.0 = Release|Any CPU
	EndGlobalSection
	GlobalSection(SolutionProperties) = preSolution
		HideSolutionNode = FALSE
	EndGlobalSection
	GlobalSection(ExtensibilityGlobals) = postSolution
		SolutionGuid = {055C7112-5D5D-4FBD-8067-101BCE0B9F2F}
	EndGlobalSection
EndGlobal
